// !$*UTF8*$!
{
	archiveVersion = 1;
	classes = {
	};
	objectVersion = 56;
	objects = {

/* Begin PBXBuildFile section */
		4844C2632B064C4B00A3AF2B /* Localizable.strings in Resources */ = {isa = PBXBuildFile; fileRef = 4844C2652B064C4B00A3AF2B /* Localizable.strings */; };
		4844C26F2B06571900A3AF2B /* RswiftLibrary in Frameworks */ = {isa = PBXBuildFile; productRef = 4844C26E2B06571900A3AF2B /* RswiftLibrary */; };
		48A27CEE2A4B410600EE9011 /* MovieAppApp.swift in Sources */ = {isa = PBXBuildFile; fileRef = 48A27CED2A4B410600EE9011 /* MovieAppApp.swift */; };
		48A27CF02A4B410600EE9011 /* ContentView.swift in Sources */ = {isa = PBXBuildFile; fileRef = 48A27CEF2A4B410600EE9011 /* ContentView.swift */; };
		48A27CF22A4B410800EE9011 /* Assets.xcassets in Resources */ = {isa = PBXBuildFile; fileRef = 48A27CF12A4B410800EE9011 /* Assets.xcassets */; };
		48A27CF52A4B410800EE9011 /* Preview Assets.xcassets in Resources */ = {isa = PBXBuildFile; fileRef = 48A27CF42A4B410800EE9011 /* Preview Assets.xcassets */; };
		48C949912B05A39A004F746A /* MockServiceDependencies.swift in Sources */ = {isa = PBXBuildFile; fileRef = 48C949902B05A39A004F746A /* MockServiceDependencies.swift */; };
		48DA4D3E2B0312E60056B693 /* NetworkingManager.swift in Sources */ = {isa = PBXBuildFile; fileRef = 48DA4D3D2B0312E60056B693 /* NetworkingManager.swift */; };
		48DA4D432B0316010056B693 /* RequesterType.swift in Sources */ = {isa = PBXBuildFile; fileRef = 48DA4D422B0316010056B693 /* RequesterType.swift */; };
		48DA4D462B031BC30056B693 /* MovieTarget.swift in Sources */ = {isa = PBXBuildFile; fileRef = 48DA4D452B031BC30056B693 /* MovieTarget.swift */; };
		48DA4D472B033FB40056B693 /* AppTargetType.swift in Sources */ = {isa = PBXBuildFile; fileRef = 48DA4D402B0313170056B693 /* AppTargetType.swift */; };
		48DA4D4A2B0341610056B693 /* CombineMoya in Frameworks */ = {isa = PBXBuildFile; productRef = 48DA4D492B0341610056B693 /* CombineMoya */; };
		48DA4D4C2B0341610056B693 /* Moya in Frameworks */ = {isa = PBXBuildFile; productRef = 48DA4D4B2B0341610056B693 /* Moya */; };
		48DA4D4E2B0341610056B693 /* ReactiveMoya in Frameworks */ = {isa = PBXBuildFile; productRef = 48DA4D4D2B0341610056B693 /* ReactiveMoya */; };
		48DA4D502B0341610056B693 /* RxMoya in Frameworks */ = {isa = PBXBuildFile; productRef = 48DA4D4F2B0341610056B693 /* RxMoya */; };
		48DA4D552B03AEA20056B693 /* MovieService.swift in Sources */ = {isa = PBXBuildFile; fileRef = 48DA4D542B03AEA20056B693 /* MovieService.swift */; };
		48DA4D582B03B22D0056B693 /* MediaResponse.swift in Sources */ = {isa = PBXBuildFile; fileRef = 48DA4D572B03B22D0056B693 /* MediaResponse.swift */; };
		48DA4D5A2B03B2F60056B693 /* Media.swift in Sources */ = {isa = PBXBuildFile; fileRef = 48DA4D592B03B2F60056B693 /* Media.swift */; };
		48DA4D5C2B03C5D80056B693 /* JsonParser.swift in Sources */ = {isa = PBXBuildFile; fileRef = 48DA4D5B2B03C5D80056B693 /* JsonParser.swift */; };
		48DA4D602B03C7D20056B693 /* AppTargetType+Extension.swift in Sources */ = {isa = PBXBuildFile; fileRef = 48DA4D5F2B03C7D20056B693 /* AppTargetType+Extension.swift */; };
		48DA4D652B03CA400056B693 /* MoviePopularList.json in Resources */ = {isa = PBXBuildFile; fileRef = 48DA4D642B03CA400056B693 /* MoviePopularList.json */; };
		48DA4D6A2B03CAEA0056B693 /* TestViewModel.swift in Sources */ = {isa = PBXBuildFile; fileRef = 48DA4D692B03CAEA0056B693 /* TestViewModel.swift */; };
		48DA4D6B2B04384E0056B693 /* MoviePopularList.json in Resources */ = {isa = PBXBuildFile; fileRef = 48DA4D642B03CA400056B693 /* MoviePopularList.json */; };
		48DA4D6E2B046FDC0056B693 /* MockNetworkingDependencies.swift in Sources */ = {isa = PBXBuildFile; fileRef = 48DA4D6D2B046FDC0056B693 /* MockNetworkingDependencies.swift */; };
/* End PBXBuildFile section */

/* Begin PBXContainerItemProxy section */
		48A27CFB2A4B410800EE9011 /* PBXContainerItemProxy */ = {
			isa = PBXContainerItemProxy;
			containerPortal = 48A27CE22A4B410600EE9011 /* Project object */;
			proxyType = 1;
			remoteGlobalIDString = 48A27CE92A4B410600EE9011;
			remoteInfo = MovieApp;
		};
/* End PBXContainerItemProxy section */

/* Begin PBXFileReference section */
		4844C2642B064C4B00A3AF2B /* en */ = {isa = PBXFileReference; lastKnownFileType = text.plist.strings; name = en; path = en.lproj/Localizable.strings; sourceTree = "<group>"; };
		48A27CEA2A4B410600EE9011 /* MovieApp.app */ = {isa = PBXFileReference; explicitFileType = wrapper.application; includeInIndex = 0; path = MovieApp.app; sourceTree = BUILT_PRODUCTS_DIR; };
		48A27CED2A4B410600EE9011 /* MovieAppApp.swift */ = {isa = PBXFileReference; lastKnownFileType = sourcecode.swift; path = MovieAppApp.swift; sourceTree = "<group>"; };
		48A27CEF2A4B410600EE9011 /* ContentView.swift */ = {isa = PBXFileReference; lastKnownFileType = sourcecode.swift; path = ContentView.swift; sourceTree = "<group>"; };
		48A27CF12A4B410800EE9011 /* Assets.xcassets */ = {isa = PBXFileReference; lastKnownFileType = folder.assetcatalog; path = Assets.xcassets; sourceTree = "<group>"; };
		48A27CF42A4B410800EE9011 /* Preview Assets.xcassets */ = {isa = PBXFileReference; lastKnownFileType = folder.assetcatalog; path = "Preview Assets.xcassets"; sourceTree = "<group>"; };
		48A27CFA2A4B410800EE9011 /* MovieAppTests.xctest */ = {isa = PBXFileReference; explicitFileType = wrapper.cfbundle; includeInIndex = 0; path = MovieAppTests.xctest; sourceTree = BUILT_PRODUCTS_DIR; };
		48C949902B05A39A004F746A /* MockServiceDependencies.swift */ = {isa = PBXFileReference; lastKnownFileType = sourcecode.swift; path = MockServiceDependencies.swift; sourceTree = "<group>"; };
		48DA4D3D2B0312E60056B693 /* NetworkingManager.swift */ = {isa = PBXFileReference; lastKnownFileType = sourcecode.swift; path = NetworkingManager.swift; sourceTree = "<group>"; };
		48DA4D402B0313170056B693 /* AppTargetType.swift */ = {isa = PBXFileReference; lastKnownFileType = sourcecode.swift; path = AppTargetType.swift; sourceTree = "<group>"; };
		48DA4D422B0316010056B693 /* RequesterType.swift */ = {isa = PBXFileReference; lastKnownFileType = sourcecode.swift; path = RequesterType.swift; sourceTree = "<group>"; };
		48DA4D452B031BC30056B693 /* MovieTarget.swift */ = {isa = PBXFileReference; lastKnownFileType = sourcecode.swift; path = MovieTarget.swift; sourceTree = "<group>"; };
		48DA4D542B03AEA20056B693 /* MovieService.swift */ = {isa = PBXFileReference; lastKnownFileType = sourcecode.swift; path = MovieService.swift; sourceTree = "<group>"; };
		48DA4D572B03B22D0056B693 /* MediaResponse.swift */ = {isa = PBXFileReference; lastKnownFileType = sourcecode.swift; path = MediaResponse.swift; sourceTree = "<group>"; };
		48DA4D592B03B2F60056B693 /* Media.swift */ = {isa = PBXFileReference; lastKnownFileType = sourcecode.swift; path = Media.swift; sourceTree = "<group>"; };
		48DA4D5B2B03C5D80056B693 /* JsonParser.swift */ = {isa = PBXFileReference; lastKnownFileType = sourcecode.swift; path = JsonParser.swift; sourceTree = "<group>"; };
		48DA4D5F2B03C7D20056B693 /* AppTargetType+Extension.swift */ = {isa = PBXFileReference; lastKnownFileType = sourcecode.swift; path = "AppTargetType+Extension.swift"; sourceTree = "<group>"; };
		48DA4D642B03CA400056B693 /* MoviePopularList.json */ = {isa = PBXFileReference; fileEncoding = 4; lastKnownFileType = text.json; path = MoviePopularList.json; sourceTree = "<group>"; };
		48DA4D692B03CAEA0056B693 /* TestViewModel.swift */ = {isa = PBXFileReference; lastKnownFileType = sourcecode.swift; path = TestViewModel.swift; sourceTree = "<group>"; };
		48DA4D6D2B046FDC0056B693 /* MockNetworkingDependencies.swift */ = {isa = PBXFileReference; lastKnownFileType = sourcecode.swift; path = MockNetworkingDependencies.swift; sourceTree = "<group>"; };
/* End PBXFileReference section */

/* Begin PBXFrameworksBuildPhase section */
		48A27CE72A4B410600EE9011 /* Frameworks */ = {
			isa = PBXFrameworksBuildPhase;
			buildActionMask = 2147483647;
			files = (
				4844C26F2B06571900A3AF2B /* RswiftLibrary in Frameworks */,
				48DA4D4C2B0341610056B693 /* Moya in Frameworks */,
				48DA4D4A2B0341610056B693 /* CombineMoya in Frameworks */,
				48DA4D502B0341610056B693 /* RxMoya in Frameworks */,
				48DA4D4E2B0341610056B693 /* ReactiveMoya in Frameworks */,
			);
			runOnlyForDeploymentPostprocessing = 0;
		};
		48A27CF72A4B410800EE9011 /* Frameworks */ = {
			isa = PBXFrameworksBuildPhase;
			buildActionMask = 2147483647;
			files = (
			);
			runOnlyForDeploymentPostprocessing = 0;
		};
/* End PBXFrameworksBuildPhase section */

/* Begin PBXGroup section */
		48A27CE12A4B410600EE9011 = {
			isa = PBXGroup;
			children = (
				48A27CEC2A4B410600EE9011 /* MovieApp */,
				48A27CFD2A4B410800EE9011 /* MovieAppTests */,
				48A27CEB2A4B410600EE9011 /* Products */,
			);
			sourceTree = "<group>";
		};
		48A27CEB2A4B410600EE9011 /* Products */ = {
			isa = PBXGroup;
			children = (
				48A27CEA2A4B410600EE9011 /* MovieApp.app */,
				48A27CFA2A4B410800EE9011 /* MovieAppTests.xctest */,
			);
			name = Products;
			sourceTree = "<group>";
		};
		48A27CEC2A4B410600EE9011 /* MovieApp */ = {
			isa = PBXGroup;
			children = (
				48DA4D3B2B0312780056B693 /* Source */,
				48DA4D3A2B0311910056B693 /* SupportingFiles */,
				48A27CED2A4B410600EE9011 /* MovieAppApp.swift */,
				48A27CEF2A4B410600EE9011 /* ContentView.swift */,
				48A27CF32A4B410800EE9011 /* Preview Content */,
			);
			path = MovieApp;
			sourceTree = "<group>";
		};
		48A27CF32A4B410800EE9011 /* Preview Content */ = {
			isa = PBXGroup;
			children = (
				48A27CF42A4B410800EE9011 /* Preview Assets.xcassets */,
			);
			path = "Preview Content";
			sourceTree = "<group>";
		};
		48A27CFD2A4B410800EE9011 /* MovieAppTests */ = {
			isa = PBXGroup;
			children = (
				48DA4D6C2B046FC50056B693 /* MockDependencies */,
				48DA4D662B03CAAA0056B693 /* Modules */,
				48DA4D612B03C9BD0056B693 /* Json */,
				48DA4D5E2B03C78E0056B693 /* Utils */,
				48DA4D5D2B03C7840056B693 /* Extensions */,
			);
			path = MovieAppTests;
			sourceTree = "<group>";
		};
		48DA4D3A2B0311910056B693 /* SupportingFiles */ = {
			isa = PBXGroup;
			children = (
				48A27CF12A4B410800EE9011 /* Assets.xcassets */,
				4844C2652B064C4B00A3AF2B /* Localizable.strings */,
			);
			path = SupportingFiles;
			sourceTree = "<group>";
		};
		48DA4D3B2B0312780056B693 /* Source */ = {
			isa = PBXGroup;
			children = (
				48DA4D562B03B1720056B693 /* Models */,
				48DA4D532B03AE8F0056B693 /* Services */,
				48DA4D3C2B0312800056B693 /* Networking */,
			);
			path = Source;
			sourceTree = "<group>";
		};
		48DA4D3C2B0312800056B693 /* Networking */ = {
			isa = PBXGroup;
			children = (
				48DA4D3F2B0313040056B693 /* Target */,
				48DA4D3D2B0312E60056B693 /* NetworkingManager.swift */,
				48DA4D422B0316010056B693 /* RequesterType.swift */,
			);
			path = Networking;
			sourceTree = "<group>";
		};
		48DA4D3F2B0313040056B693 /* Target */ = {
			isa = PBXGroup;
			children = (
				48DA4D402B0313170056B693 /* AppTargetType.swift */,
				48DA4D452B031BC30056B693 /* MovieTarget.swift */,
			);
			path = Target;
			sourceTree = "<group>";
		};
		48DA4D532B03AE8F0056B693 /* Services */ = {
			isa = PBXGroup;
			children = (
				48DA4D542B03AEA20056B693 /* MovieService.swift */,
			);
			path = Services;
			sourceTree = "<group>";
		};
		48DA4D562B03B1720056B693 /* Models */ = {
			isa = PBXGroup;
			children = (
				48DA4D572B03B22D0056B693 /* MediaResponse.swift */,
				48DA4D592B03B2F60056B693 /* Media.swift */,
			);
			path = Models;
			sourceTree = "<group>";
		};
		48DA4D5D2B03C7840056B693 /* Extensions */ = {
			isa = PBXGroup;
			children = (
				48DA4D5F2B03C7D20056B693 /* AppTargetType+Extension.swift */,
			);
			path = Extensions;
			sourceTree = "<group>";
		};
		48DA4D5E2B03C78E0056B693 /* Utils */ = {
			isa = PBXGroup;
			children = (
				48DA4D5B2B03C5D80056B693 /* JsonParser.swift */,
			);
			path = Utils;
			sourceTree = "<group>";
		};
		48DA4D612B03C9BD0056B693 /* Json */ = {
			isa = PBXGroup;
			children = (
				48DA4D642B03CA400056B693 /* MoviePopularList.json */,
			);
			path = Json;
			sourceTree = "<group>";
		};
		48DA4D662B03CAAA0056B693 /* Modules */ = {
			isa = PBXGroup;
			children = (
				48DA4D692B03CAEA0056B693 /* TestViewModel.swift */,
			);
			path = Modules;
			sourceTree = "<group>";
		};
		48DA4D6C2B046FC50056B693 /* MockDependencies */ = {
			isa = PBXGroup;
			children = (
				48DA4D6D2B046FDC0056B693 /* MockNetworkingDependencies.swift */,
				48C949902B05A39A004F746A /* MockServiceDependencies.swift */,
			);
			path = MockDependencies;
			sourceTree = "<group>";
		};
/* End PBXGroup section */

/* Begin PBXNativeTarget section */
		48A27CE92A4B410600EE9011 /* MovieApp */ = {
			isa = PBXNativeTarget;
			buildConfigurationList = 48A27D0E2A4B410800EE9011 /* Build configuration list for PBXNativeTarget "MovieApp" */;
			buildPhases = (
				48C949922B05ABE9004F746A /* Swiftlint */,
				48A27CE62A4B410600EE9011 /* Sources */,
				48A27CE72A4B410600EE9011 /* Frameworks */,
				48A27CE82A4B410600EE9011 /* Resources */,
			);
			buildRules = (
			);
			dependencies = (
				4844C2712B06573900A3AF2B /* PBXTargetDependency */,
			);
			name = MovieApp;
			packageProductDependencies = (
				48DA4D492B0341610056B693 /* CombineMoya */,
				48DA4D4B2B0341610056B693 /* Moya */,
				48DA4D4D2B0341610056B693 /* ReactiveMoya */,
				48DA4D4F2B0341610056B693 /* RxMoya */,
				4844C26E2B06571900A3AF2B /* RswiftLibrary */,
			);
			productName = MovieApp;
			productReference = 48A27CEA2A4B410600EE9011 /* MovieApp.app */;
			productType = "com.apple.product-type.application";
		};
		48A27CF92A4B410800EE9011 /* MovieAppTests */ = {
			isa = PBXNativeTarget;
			buildConfigurationList = 48A27D112A4B410800EE9011 /* Build configuration list for PBXNativeTarget "MovieAppTests" */;
			buildPhases = (
				48A27CF62A4B410800EE9011 /* Sources */,
				48A27CF72A4B410800EE9011 /* Frameworks */,
				48A27CF82A4B410800EE9011 /* Resources */,
			);
			buildRules = (
			);
			dependencies = (
				48A27CFC2A4B410800EE9011 /* PBXTargetDependency */,
			);
			name = MovieAppTests;
			productName = MovieAppTests;
			productReference = 48A27CFA2A4B410800EE9011 /* MovieAppTests.xctest */;
			productType = "com.apple.product-type.bundle.unit-test";
		};
/* End PBXNativeTarget section */

/* Begin PBXProject section */
		48A27CE22A4B410600EE9011 /* Project object */ = {
			isa = PBXProject;
			attributes = {
				BuildIndependentTargetsInParallel = 1;
				LastSwiftUpdateCheck = 1400;
				LastUpgradeCheck = 1500;
				TargetAttributes = {
					48A27CE92A4B410600EE9011 = {
						CreatedOnToolsVersion = 14.0;
					};
					48A27CF92A4B410800EE9011 = {
						CreatedOnToolsVersion = 14.0;
						LastSwiftMigration = 1500;
						TestTargetID = 48A27CE92A4B410600EE9011;
					};
				};
			};
			buildConfigurationList = 48A27CE52A4B410600EE9011 /* Build configuration list for PBXProject "MovieApp" */;
			compatibilityVersion = "Xcode 14.0";
			developmentRegion = en;
			hasScannedForEncodings = 0;
			knownRegions = (
				en,
				Base,
			);
			mainGroup = 48A27CE12A4B410600EE9011;
			packageReferences = (
				48DA4D482B0341610056B693 /* XCRemoteSwiftPackageReference "Moya" */,
				4844C26D2B06571900A3AF2B /* XCRemoteSwiftPackageReference "R.swift" */,
			);
			productRefGroup = 48A27CEB2A4B410600EE9011 /* Products */;
			projectDirPath = "";
			projectRoot = "";
			targets = (
				48A27CE92A4B410600EE9011 /* MovieApp */,
				48A27CF92A4B410800EE9011 /* MovieAppTests */,
			);
		};
/* End PBXProject section */

/* Begin PBXResourcesBuildPhase section */
		48A27CE82A4B410600EE9011 /* Resources */ = {
			isa = PBXResourcesBuildPhase;
			buildActionMask = 2147483647;
			files = (
				48DA4D6B2B04384E0056B693 /* MoviePopularList.json in Resources */,
				4844C2632B064C4B00A3AF2B /* Localizable.strings in Resources */,
				48A27CF52A4B410800EE9011 /* Preview Assets.xcassets in Resources */,
				48A27CF22A4B410800EE9011 /* Assets.xcassets in Resources */,
			);
			runOnlyForDeploymentPostprocessing = 0;
		};
		48A27CF82A4B410800EE9011 /* Resources */ = {
			isa = PBXResourcesBuildPhase;
			buildActionMask = 2147483647;
			files = (
				48DA4D652B03CA400056B693 /* MoviePopularList.json in Resources */,
			);
			runOnlyForDeploymentPostprocessing = 0;
		};
/* End PBXResourcesBuildPhase section */

/* Begin PBXShellScriptBuildPhase section */
		48C949922B05ABE9004F746A /* Swiftlint */ = {
			isa = PBXShellScriptBuildPhase;
			alwaysOutOfDate = 1;
			buildActionMask = 12;
			files = (
			);
			inputFileListPaths = (
			);
			inputPaths = (
			);
			name = Swiftlint;
			outputFileListPaths = (
			);
			outputPaths = (
			);
			runOnlyForDeploymentPostprocessing = 0;
			shellPath = /bin/sh;
			shellScript = "export PATH=\"$PATH:/opt/homebrew/bin\"\nif which swiftlint > /dev/null; then\n  swiftlint lint --config .swiftlint.yml\nelse\n  echo \"warning: SwiftLint not installed, download from https://github.com/realm/SwiftLint\"\nfi\n\n";
		};
/* End PBXShellScriptBuildPhase section */

/* Begin PBXSourcesBuildPhase section */
		48A27CE62A4B410600EE9011 /* Sources */ = {
			isa = PBXSourcesBuildPhase;
			buildActionMask = 2147483647;
			files = (
				48DA4D3E2B0312E60056B693 /* NetworkingManager.swift in Sources */,
				48A27CF02A4B410600EE9011 /* ContentView.swift in Sources */,
				48DA4D472B033FB40056B693 /* AppTargetType.swift in Sources */,
				48DA4D462B031BC30056B693 /* MovieTarget.swift in Sources */,
				48A27CEE2A4B410600EE9011 /* MovieAppApp.swift in Sources */,
				48DA4D5A2B03B2F60056B693 /* Media.swift in Sources */,
				48DA4D582B03B22D0056B693 /* MediaResponse.swift in Sources */,
				48DA4D432B0316010056B693 /* RequesterType.swift in Sources */,
				48DA4D552B03AEA20056B693 /* MovieService.swift in Sources */,
			);
			runOnlyForDeploymentPostprocessing = 0;
		};
		48A27CF62A4B410800EE9011 /* Sources */ = {
			isa = PBXSourcesBuildPhase;
			buildActionMask = 2147483647;
			files = (
				48DA4D6A2B03CAEA0056B693 /* TestViewModel.swift in Sources */,
				48DA4D602B03C7D20056B693 /* AppTargetType+Extension.swift in Sources */,
				48DA4D6E2B046FDC0056B693 /* MockNetworkingDependencies.swift in Sources */,
				48DA4D5C2B03C5D80056B693 /* JsonParser.swift in Sources */,
				48C949912B05A39A004F746A /* MockServiceDependencies.swift in Sources */,
			);
			runOnlyForDeploymentPostprocessing = 0;
		};
/* End PBXSourcesBuildPhase section */

/* Begin PBXTargetDependency section */
		4844C2712B06573900A3AF2B /* PBXTargetDependency */ = {
			isa = PBXTargetDependency;
			productRef = 4844C2702B06573900A3AF2B /* RswiftGenerateInternalResources */;
		};
		48A27CFC2A4B410800EE9011 /* PBXTargetDependency */ = {
			isa = PBXTargetDependency;
			target = 48A27CE92A4B410600EE9011 /* MovieApp */;
			targetProxy = 48A27CFB2A4B410800EE9011 /* PBXContainerItemProxy */;
		};
/* End PBXTargetDependency section */

/* Begin PBXVariantGroup section */
		4844C2652B064C4B00A3AF2B /* Localizable.strings */ = {
			isa = PBXVariantGroup;
			children = (
				4844C2642B064C4B00A3AF2B /* en */,
			);
			name = Localizable.strings;
			sourceTree = "<group>";
		};
/* End PBXVariantGroup section */

/* Begin XCBuildConfiguration section */
		48A27D0C2A4B410800EE9011 /* Debug */ = {
			isa = XCBuildConfiguration;
			buildSettings = {
				ALWAYS_SEARCH_USER_PATHS = NO;
				CLANG_ANALYZER_NONNULL = YES;
				CLANG_ANALYZER_NUMBER_OBJECT_CONVERSION = YES_AGGRESSIVE;
				CLANG_CXX_LANGUAGE_STANDARD = "gnu++20";
				CLANG_ENABLE_MODULES = YES;
				CLANG_ENABLE_OBJC_ARC = YES;
				CLANG_ENABLE_OBJC_WEAK = YES;
				CLANG_WARN_BLOCK_CAPTURE_AUTORELEASING = YES;
				CLANG_WARN_BOOL_CONVERSION = YES;
				CLANG_WARN_COMMA = YES;
				CLANG_WARN_CONSTANT_CONVERSION = YES;
				CLANG_WARN_DEPRECATED_OBJC_IMPLEMENTATIONS = YES;
				CLANG_WARN_DIRECT_OBJC_ISA_USAGE = YES_ERROR;
				CLANG_WARN_DOCUMENTATION_COMMENTS = YES;
				CLANG_WARN_EMPTY_BODY = YES;
				CLANG_WARN_ENUM_CONVERSION = YES;
				CLANG_WARN_INFINITE_RECURSION = YES;
				CLANG_WARN_INT_CONVERSION = YES;
				CLANG_WARN_NON_LITERAL_NULL_CONVERSION = YES;
				CLANG_WARN_OBJC_IMPLICIT_RETAIN_SELF = YES;
				CLANG_WARN_OBJC_LITERAL_CONVERSION = YES;
				CLANG_WARN_OBJC_ROOT_CLASS = YES_ERROR;
				CLANG_WARN_QUOTED_INCLUDE_IN_FRAMEWORK_HEADER = YES;
				CLANG_WARN_RANGE_LOOP_ANALYSIS = YES;
				CLANG_WARN_STRICT_PROTOTYPES = YES;
				CLANG_WARN_SUSPICIOUS_MOVE = YES;
				CLANG_WARN_UNGUARDED_AVAILABILITY = YES_AGGRESSIVE;
				CLANG_WARN_UNREACHABLE_CODE = YES;
				CLANG_WARN__DUPLICATE_METHOD_MATCH = YES;
				COPY_PHASE_STRIP = NO;
				DEBUG_INFORMATION_FORMAT = dwarf;
				ENABLE_STRICT_OBJC_MSGSEND = YES;
				ENABLE_TESTABILITY = YES;
				ENABLE_USER_SCRIPT_SANDBOXING = NO;
				GCC_C_LANGUAGE_STANDARD = gnu11;
				GCC_DYNAMIC_NO_PIC = NO;
				GCC_NO_COMMON_BLOCKS = YES;
				GCC_OPTIMIZATION_LEVEL = 0;
				GCC_PREPROCESSOR_DEFINITIONS = (
					"DEBUG=1",
					"$(inherited)",
				);
				GCC_WARN_64_TO_32_BIT_CONVERSION = YES;
				GCC_WARN_ABOUT_RETURN_TYPE = YES_ERROR;
				GCC_WARN_UNDECLARED_SELECTOR = YES;
				GCC_WARN_UNINITIALIZED_AUTOS = YES_AGGRESSIVE;
				GCC_WARN_UNUSED_FUNCTION = YES;
				GCC_WARN_UNUSED_VARIABLE = YES;
				IPHONEOS_DEPLOYMENT_TARGET = 16.0;
				MTL_ENABLE_DEBUG_INFO = INCLUDE_SOURCE;
				MTL_FAST_MATH = YES;
				ONLY_ACTIVE_ARCH = YES;
				SDKROOT = iphoneos;
				SWIFT_ACTIVE_COMPILATION_CONDITIONS = DEBUG;
				SWIFT_OPTIMIZATION_LEVEL = "-Onone";
			};
			name = Debug;
		};
		48A27D0D2A4B410800EE9011 /* Release */ = {
			isa = XCBuildConfiguration;
			buildSettings = {
				ALWAYS_SEARCH_USER_PATHS = NO;
				CLANG_ANALYZER_NONNULL = YES;
				CLANG_ANALYZER_NUMBER_OBJECT_CONVERSION = YES_AGGRESSIVE;
				CLANG_CXX_LANGUAGE_STANDARD = "gnu++20";
				CLANG_ENABLE_MODULES = YES;
				CLANG_ENABLE_OBJC_ARC = YES;
				CLANG_ENABLE_OBJC_WEAK = YES;
				CLANG_WARN_BLOCK_CAPTURE_AUTORELEASING = YES;
				CLANG_WARN_BOOL_CONVERSION = YES;
				CLANG_WARN_COMMA = YES;
				CLANG_WARN_CONSTANT_CONVERSION = YES;
				CLANG_WARN_DEPRECATED_OBJC_IMPLEMENTATIONS = YES;
				CLANG_WARN_DIRECT_OBJC_ISA_USAGE = YES_ERROR;
				CLANG_WARN_DOCUMENTATION_COMMENTS = YES;
				CLANG_WARN_EMPTY_BODY = YES;
				CLANG_WARN_ENUM_CONVERSION = YES;
				CLANG_WARN_INFINITE_RECURSION = YES;
				CLANG_WARN_INT_CONVERSION = YES;
				CLANG_WARN_NON_LITERAL_NULL_CONVERSION = YES;
				CLANG_WARN_OBJC_IMPLICIT_RETAIN_SELF = YES;
				CLANG_WARN_OBJC_LITERAL_CONVERSION = YES;
				CLANG_WARN_OBJC_ROOT_CLASS = YES_ERROR;
				CLANG_WARN_QUOTED_INCLUDE_IN_FRAMEWORK_HEADER = YES;
				CLANG_WARN_RANGE_LOOP_ANALYSIS = YES;
				CLANG_WARN_STRICT_PROTOTYPES = YES;
				CLANG_WARN_SUSPICIOUS_MOVE = YES;
				CLANG_WARN_UNGUARDED_AVAILABILITY = YES_AGGRESSIVE;
				CLANG_WARN_UNREACHABLE_CODE = YES;
				CLANG_WARN__DUPLICATE_METHOD_MATCH = YES;
				COPY_PHASE_STRIP = NO;
				DEBUG_INFORMATION_FORMAT = "dwarf-with-dsym";
				ENABLE_NS_ASSERTIONS = NO;
				ENABLE_STRICT_OBJC_MSGSEND = YES;
				ENABLE_USER_SCRIPT_SANDBOXING = NO;
				GCC_C_LANGUAGE_STANDARD = gnu11;
				GCC_NO_COMMON_BLOCKS = YES;
				GCC_WARN_64_TO_32_BIT_CONVERSION = YES;
				GCC_WARN_ABOUT_RETURN_TYPE = YES_ERROR;
				GCC_WARN_UNDECLARED_SELECTOR = YES;
				GCC_WARN_UNINITIALIZED_AUTOS = YES_AGGRESSIVE;
				GCC_WARN_UNUSED_FUNCTION = YES;
				GCC_WARN_UNUSED_VARIABLE = YES;
				IPHONEOS_DEPLOYMENT_TARGET = 16.0;
				MTL_ENABLE_DEBUG_INFO = NO;
				MTL_FAST_MATH = YES;
				SDKROOT = iphoneos;
				SWIFT_COMPILATION_MODE = wholemodule;
				SWIFT_OPTIMIZATION_LEVEL = "-O";
				VALIDATE_PRODUCT = YES;
			};
			name = Release;
		};
		48A27D0F2A4B410800EE9011 /* Debug */ = {
			isa = XCBuildConfiguration;
			buildSettings = {
				ASSETCATALOG_COMPILER_APPICON_NAME = AppIcon;
				ASSETCATALOG_COMPILER_GLOBAL_ACCENT_COLOR_NAME = AccentColor;
				CODE_SIGN_STYLE = Manual;
				CURRENT_PROJECT_VERSION = 1;
				DEVELOPMENT_ASSET_PATHS = "\"MovieApp/Preview Content\"";
				DEVELOPMENT_TEAM = "";
				ENABLE_PREVIEWS = YES;
				GENERATE_INFOPLIST_FILE = YES;
				INFOPLIST_KEY_UIApplicationSceneManifest_Generation = YES;
				INFOPLIST_KEY_UIApplicationSupportsIndirectInputEvents = YES;
				INFOPLIST_KEY_UILaunchScreen_Generation = YES;
				INFOPLIST_KEY_UISupportedInterfaceOrientations_iPad = "UIInterfaceOrientationPortrait UIInterfaceOrientationPortraitUpsideDown UIInterfaceOrientationLandscapeLeft UIInterfaceOrientationLandscapeRight";
				INFOPLIST_KEY_UISupportedInterfaceOrientations_iPhone = "UIInterfaceOrientationPortrait UIInterfaceOrientationLandscapeLeft UIInterfaceOrientationLandscapeRight";
				LD_RUNPATH_SEARCH_PATHS = (
					"$(inherited)",
					"@executable_path/Frameworks",
				);
				MARKETING_VERSION = 1.0;
				PRODUCT_BUNDLE_IDENTIFIER = com.roberto.MovieApp;
				PRODUCT_NAME = "$(TARGET_NAME)";
				PROVISIONING_PROFILE_SPECIFIER = "";
				SWIFT_EMIT_LOC_STRINGS = YES;
				SWIFT_VERSION = 5.0;
				TARGETED_DEVICE_FAMILY = "1,2";
			};
			name = Debug;
		};
		48A27D102A4B410800EE9011 /* Release */ = {
			isa = XCBuildConfiguration;
			buildSettings = {
				ASSETCATALOG_COMPILER_APPICON_NAME = AppIcon;
				ASSETCATALOG_COMPILER_GLOBAL_ACCENT_COLOR_NAME = AccentColor;
				CODE_SIGN_STYLE = Manual;
				CURRENT_PROJECT_VERSION = 1;
				DEVELOPMENT_ASSET_PATHS = "\"MovieApp/Preview Content\"";
				DEVELOPMENT_TEAM = "";
				ENABLE_PREVIEWS = YES;
				GENERATE_INFOPLIST_FILE = YES;
				INFOPLIST_KEY_UIApplicationSceneManifest_Generation = YES;
				INFOPLIST_KEY_UIApplicationSupportsIndirectInputEvents = YES;
				INFOPLIST_KEY_UILaunchScreen_Generation = YES;
				INFOPLIST_KEY_UISupportedInterfaceOrientations_iPad = "UIInterfaceOrientationPortrait UIInterfaceOrientationPortraitUpsideDown UIInterfaceOrientationLandscapeLeft UIInterfaceOrientationLandscapeRight";
				INFOPLIST_KEY_UISupportedInterfaceOrientations_iPhone = "UIInterfaceOrientationPortrait UIInterfaceOrientationLandscapeLeft UIInterfaceOrientationLandscapeRight";
				LD_RUNPATH_SEARCH_PATHS = (
					"$(inherited)",
					"@executable_path/Frameworks",
				);
				MARKETING_VERSION = 1.0;
				PRODUCT_BUNDLE_IDENTIFIER = com.roberto.MovieApp;
				PRODUCT_NAME = "$(TARGET_NAME)";
				PROVISIONING_PROFILE_SPECIFIER = "";
				SWIFT_EMIT_LOC_STRINGS = YES;
				SWIFT_VERSION = 5.0;
				TARGETED_DEVICE_FAMILY = "1,2";
			};
			name = Release;
		};
		48A27D122A4B410800EE9011 /* Debug */ = {
			isa = XCBuildConfiguration;
			buildSettings = {
				ALWAYS_EMBED_SWIFT_STANDARD_LIBRARIES = YES;
				BUNDLE_LOADER = "$(TEST_HOST)";
				CLANG_ENABLE_MODULES = YES;
				CODE_SIGN_STYLE = Automatic;
				CURRENT_PROJECT_VERSION = 1;
				DEVELOPMENT_TEAM = U49UCD9KX7;
				GENERATE_INFOPLIST_FILE = YES;
				IPHONEOS_DEPLOYMENT_TARGET = 16.0;
				MARKETING_VERSION = 1.0;
				PRODUCT_BUNDLE_IDENTIFIER = com.roberto.MovieAppTests;
				PRODUCT_NAME = "$(TARGET_NAME)";
				SWIFT_EMIT_LOC_STRINGS = NO;
				SWIFT_OPTIMIZATION_LEVEL = "-Onone";
				SWIFT_VERSION = 5.0;
				TARGETED_DEVICE_FAMILY = "1,2";
				TEST_HOST = "$(BUILT_PRODUCTS_DIR)/MovieApp.app/$(BUNDLE_EXECUTABLE_FOLDER_PATH)/MovieApp";
			};
			name = Debug;
		};
		48A27D132A4B410800EE9011 /* Release */ = {
			isa = XCBuildConfiguration;
			buildSettings = {
				ALWAYS_EMBED_SWIFT_STANDARD_LIBRARIES = YES;
				BUNDLE_LOADER = "$(TEST_HOST)";
				CLANG_ENABLE_MODULES = YES;
				CODE_SIGN_STYLE = Automatic;
				CURRENT_PROJECT_VERSION = 1;
				DEVELOPMENT_TEAM = U49UCD9KX7;
				GENERATE_INFOPLIST_FILE = YES;
				IPHONEOS_DEPLOYMENT_TARGET = 16.0;
				MARKETING_VERSION = 1.0;
				PRODUCT_BUNDLE_IDENTIFIER = com.roberto.MovieAppTests;
				PRODUCT_NAME = "$(TARGET_NAME)";
				SWIFT_EMIT_LOC_STRINGS = NO;
				SWIFT_VERSION = 5.0;
				TARGETED_DEVICE_FAMILY = "1,2";
				TEST_HOST = "$(BUILT_PRODUCTS_DIR)/MovieApp.app/$(BUNDLE_EXECUTABLE_FOLDER_PATH)/MovieApp";
			};
			name = Release;
		};
/* End XCBuildConfiguration section */

/* Begin XCConfigurationList section */
		48A27CE52A4B410600EE9011 /* Build configuration list for PBXProject "MovieApp" */ = {
			isa = XCConfigurationList;
			buildConfigurations = (
				48A27D0C2A4B410800EE9011 /* Debug */,
				48A27D0D2A4B410800EE9011 /* Release */,
			);
			defaultConfigurationIsVisible = 0;
			defaultConfigurationName = Release;
		};
		48A27D0E2A4B410800EE9011 /* Build configuration list for PBXNativeTarget "MovieApp" */ = {
			isa = XCConfigurationList;
			buildConfigurations = (
				48A27D0F2A4B410800EE9011 /* Debug */,
				48A27D102A4B410800EE9011 /* Release */,
			);
			defaultConfigurationIsVisible = 0;
			defaultConfigurationName = Release;
		};
		48A27D112A4B410800EE9011 /* Build configuration list for PBXNativeTarget "MovieAppTests" */ = {
			isa = XCConfigurationList;
			buildConfigurations = (
				48A27D122A4B410800EE9011 /* Debug */,
				48A27D132A4B410800EE9011 /* Release */,
			);
			defaultConfigurationIsVisible = 0;
			defaultConfigurationName = Release;
		};
/* End XCConfigurationList section */

/* Begin XCRemoteSwiftPackageReference section */
		4844C26D2B06571900A3AF2B /* XCRemoteSwiftPackageReference "R.swift" */ = {
			isa = XCRemoteSwiftPackageReference;
			repositoryURL = "https://github.com/mac-cain13/R.swift.git";
			requirement = {
				kind = upToNextMajorVersion;
				minimumVersion = 7.4.0;
			};
		};
		48DA4D482B0341610056B693 /* XCRemoteSwiftPackageReference "Moya" */ = {
			isa = XCRemoteSwiftPackageReference;
			repositoryURL = "https://github.com/Moya/Moya.git";
			requirement = {
				kind = upToNextMajorVersion;
				minimumVersion = 15.0.3;
			};
		};
/* End XCRemoteSwiftPackageReference section */

/* Begin XCSwiftPackageProductDependency section */
		4844C26E2B06571900A3AF2B /* RswiftLibrary */ = {
			isa = XCSwiftPackageProductDependency;
			package = 4844C26D2B06571900A3AF2B /* XCRemoteSwiftPackageReference "R.swift" */;
			productName = RswiftLibrary;
		};
		4844C2702B06573900A3AF2B /* RswiftGenerateInternalResources */ = {
			isa = XCSwiftPackageProductDependency;
			productName = "plugin:RswiftGenerateInternalResources";
		};
		48DA4D492B0341610056B693 /* CombineMoya */ = {
			isa = XCSwiftPackageProductDependency;
			package = 48DA4D482B0341610056B693 /* XCRemoteSwiftPackageReference "Moya" */;
			productName = CombineMoya;
		};
		48DA4D4B2B0341610056B693 /* Moya */ = {
			isa = XCSwiftPackageProductDependency;
			package = 48DA4D482B0341610056B693 /* XCRemoteSwiftPackageReference "Moya" */;
			productName = Moya;
		};
		48DA4D4D2B0341610056B693 /* ReactiveMoya */ = {
			isa = XCSwiftPackageProductDependency;
			package = 48DA4D482B0341610056B693 /* XCRemoteSwiftPackageReference "Moya" */;
			productName = ReactiveMoya;
		};
		48DA4D4F2B0341610056B693 /* RxMoya */ = {
			isa = XCSwiftPackageProductDependency;
			package = 48DA4D482B0341610056B693 /* XCRemoteSwiftPackageReference "Moya" */;
			productName = RxMoya;
		};
/* End XCSwiftPackageProductDependency section */
	};
	rootObject = 48A27CE22A4B410600EE9011 /* Project object */;
}
